{
  "object": {
    "pins": [
      {
        "package": "Elo_Itself",
        "repositoryURL": "https://github.com/dzAtZJU/Elo-Itself",
        "state": {
          "branch": "master",
          "revision": "07d571159fe331b88c280e8f1a1b8b68d7a6bac7",
          "version": null
        }
      }
    ]
  },
  "version": 1
}
