{
  "object": {
    "pins": [
      {
        "package": "Elo_Itself",
        "repositoryURL": "https://github.com/dzAtZJU/Elo-Itself",
        "state": {
          "branch": "master",
          "revision": "017724dad862992ac6295f40931caa6a52fb821e",
          "version": null
        }
      }
    ]
  },
  "version": 1
}
