{
  "object": {
    "pins": [
      {
        "package": "Elo_Itself",
        "repositoryURL": "https://github.com/dzAtZJU/Elo-Itself",
        "state": {
          "branch": "master",
          "revision": "0b8e1579d4d1d9a1de5dee82dbb8b51e34e32fde",
          "version": null
        }
      }
    ]
  },
  "version": 1
}
